
Microsoft Visual Studio Solution File, Format Version 12.00
# Visual Studio Version 17
VisualStudioVersion = 17.11.35327.3
MinimumVisualStudioVersion = 10.0.40219.1
Project("{FAE04EC0-301F-11D3-BF4B-00C04F79EFBC}") = "MvvmPresentation.App", "Src\MvvmPresentation.App\MvvmPresentation.App.csproj", "{F496B5F2-A06D-4A3F-BEA1-4FEB81DF5D1D}"
EndProject
Project("{9A19103F-16F7-4668-BE54-9A1E7A4F7556}") = "MvvmPresentation.Core", "Src\MvvmPresentation.Core\MvvmPresentation.Core.csproj", "{30D516C3-F372-45BB-9518-97E8CE0274FE}"
EndProject
Project("{FAE04EC0-301F-11D3-BF4B-00C04F79EFBC}") = "MvvmPresentation.Data", "Src\MvvmPresentation.Data\MvvmPresentation.Data.csproj", "{35C8C027-7841-49FF-A95D-A1BCF868FD80}"
EndProject
Global
	GlobalSection(SolutionConfigurationPlatforms) = preSolution
		Debug|Any CPU = Debug|Any CPU
		Release|Any CPU = Release|Any CPU
	EndGlobalSection
	GlobalSection(ProjectConfigurationPlatforms) = postSolution
		{F496B5F2-A06D-4A3F-BEA1-4FEB81DF5D1D}.Debug|Any CPU.ActiveCfg = Debug|Any CPU
		{F496B5F2-A06D-4A3F-BEA1-4FEB81DF5D1D}.Debug|Any CPU.Build.0 = Debug|Any CPU
		{F496B5F2-A06D-4A3F-BEA1-4FEB81DF5D1D}.Release|Any CPU.ActiveCfg = Release|Any CPU
		{F496B5F2-A06D-4A3F-BEA1-4FEB81DF5D1D}.Release|Any CPU.Build.0 = Release|Any CPU
		{30D516C3-F372-45BB-9518-97E8CE0274FE}.Debug|Any CPU.ActiveCfg = Debug|Any CPU
		{30D516C3-F372-45BB-9518-97E8CE0274FE}.Debug|Any CPU.Build.0 = Debug|Any CPU
		{30D516C3-F372-45BB-9518-97E8CE0274FE}.Release|Any CPU.ActiveCfg = Release|Any CPU
		{30D516C3-F372-45BB-9518-97E8CE0274FE}.Release|Any CPU.Build.0 = Release|Any CPU
		{35C8C027-7841-49FF-A95D-A1BCF868FD80}.Debug|Any CPU.ActiveCfg = Debug|Any CPU
		{35C8C027-7841-49FF-A95D-A1BCF868FD80}.Debug|Any CPU.Build.0 = Debug|Any CPU
		{35C8C027-7841-49FF-A95D-A1BCF868FD80}.Release|Any CPU.ActiveCfg = Release|Any CPU
		{35C8C027-7841-49FF-A95D-A1BCF868FD80}.Release|Any CPU.Build.0 = Release|Any CPU
	EndGlobalSection
	GlobalSection(SolutionProperties) = preSolution
		HideSolutionNode = FALSE
	EndGlobalSection
	GlobalSection(ExtensibilityGlobals) = postSolution
		SolutionGuid = {CDB1B0C0-97B4-4BCE-AB31-E9A77E00F652}
	EndGlobalSection
EndGlobal
